# This file is automatically @generated by Poetry 2.1.1 and should not be changed by hand.

[[package]]
name = "beautifulsoup4"
version = "4.13.4"
description = "Screen-scraping library"
optional = false
python-versions = ">=3.7.0"
groups = ["main"]
files = [
    {file = "beautifulsoup4-4.13.4-py3-none-any.whl", hash = "sha256:9bbbb14bfde9d79f38b8cd5f8c7c85f4b8f2523190ebed90e950a8dea4cb1c4b"},
    {file = "beautifulsoup4-4.13.4.tar.gz", hash = "sha256:dbb3c4e1ceae6aefebdaf2423247260cd062430a410e38c66f2baa50a8437195"},
]

[package.dependencies]
soupsieve = ">1.2"
typing-extensions = ">=4.0.0"

[package.extras]
cchardet = ["cchardet"]
chardet = ["chardet"]
charset-normalizer = ["charset-normalizer"]
html5lib = ["html5lib"]
lxml = ["lxml"]

[[package]]
name = "browser-cookie3"
version = "0.20.1"
description = "Loads cookies from your browser into a cookiejar object so can download with urllib and other libraries the same content you see in the web browser."
optional = false
python-versions = "*"
groups = ["main"]
files = [
    {file = "browser_cookie3-0.20.1-py3-none-any.whl", hash = "sha256:4b38bf669d386250733c8339f0036e1cf09c3d8e4d326fd507b9afb84def13d6"},
    {file = "browser_cookie3-0.20.1.tar.gz", hash = "sha256:6d8d0744bf42a5327c951bdbcf77741db3455b8b4e840e18bab266d598368a12"},
]

[package.dependencies]
jeepney = {version = "*", markers = "python_version >= \"3.7\" and (\"bsd\" in sys_platform or sys_platform == \"linux\")"}
lz4 = "*"
pycryptodomex = "*"
shadowcopy = {version = "*", markers = "python_version >= \"3.7\" and platform_system == \"Windows\""}

[[package]]
name = "bs4"
version = "0.0.2"
description = "Dummy package for Beautiful Soup (beautifulsoup4)"
optional = false
python-versions = "*"
groups = ["main"]
files = [
    {file = "bs4-0.0.2-py2.py3-none-any.whl", hash = "sha256:abf8742c0805ef7f662dce4b51cca104cffe52b835238afc169142ab9b3fbccc"},
    {file = "bs4-0.0.2.tar.gz", hash = "sha256:a48685c58f50fe127722417bae83fe6badf500d54b55f7e39ffe43b798653925"},
]

[package.dependencies]
beautifulsoup4 = "*"

[[package]]
name = "certifi"
version = "2025.1.31"
description = "Python package for providing Mozilla's CA Bundle."
optional = false
python-versions = ">=3.6"
groups = ["main"]
files = [
    {file = "certifi-2025.1.31-py3-none-any.whl", hash = "sha256:ca78db4565a652026a4db2bcdf68f2fb589ea80d0be70e03929ed730746b84fe"},
    {file = "certifi-2025.1.31.tar.gz", hash = "sha256:3d5da6925056f6f18f119200434a4780a94263f10d1c21d032a6f6b2baa20651"},
]

[[package]]
name = "charset-normalizer"
version = "3.4.1"
description = "The Real First Universal Charset Detector. Open, modern and actively maintained alternative to Chardet."
optional = false
python-versions = ">=3.7"
groups = ["main"]
files = [
    {file = "charset_normalizer-3.4.1-cp310-cp310-macosx_10_9_universal2.whl", hash = "sha256:91b36a978b5ae0ee86c394f5a54d6ef44db1de0815eb43de826d41d21e4af3de"},
    {file = "charset_normalizer-3.4.1-cp310-cp310-manylinux_2_17_aarch64.manylinux2014_aarch64.whl", hash = "sha256:7461baadb4dc00fd9e0acbe254e3d7d2112e7f92ced2adc96e54ef6501c5f176"},
    {file = "charset_normalizer-3.4.1-cp310-cp310-manylinux_2_17_ppc64le.manylinux2014_ppc64le.whl", hash = "sha256:e218488cd232553829be0664c2292d3af2eeeb94b32bea483cf79ac6a694e037"},
    {file = "charset_normalizer-3.4.1-cp310-cp310-manylinux_2_17_s390x.manylinux2014_s390x.whl", hash = "sha256:80ed5e856eb7f30115aaf94e4a08114ccc8813e6ed1b5efa74f9f82e8509858f"},
    {file = "charset_normalizer-3.4.1-cp310-cp310-manylinux_2_17_x86_64.manylinux2014_x86_64.whl", hash = "sha256:b010a7a4fd316c3c484d482922d13044979e78d1861f0e0650423144c616a46a"},
    {file = "charset_normalizer-3.4.1-cp310-cp310-manylinux_2_5_i686.manylinux1_i686.manylinux_2_17_i686.manylinux2014_i686.whl", hash = "sha256:4532bff1b8421fd0a320463030c7520f56a79c9024a4e88f01c537316019005a"},
    {file = "charset_normalizer-3.4.1-cp310-cp310-musllinux_1_2_aarch64.whl", hash = "sha256:d973f03c0cb71c5ed99037b870f2be986c3c05e63622c017ea9816881d2dd247"},
    {file = "charset_normalizer-3.4.1-cp310-cp310-musllinux_1_2_i686.whl", hash = "sha256:3a3bd0dcd373514dcec91c411ddb9632c0d7d92aed7093b8c3bbb6d69ca74408"},
    {file = "charset_normalizer-3.4.1-cp310-cp310-musllinux_1_2_ppc64le.whl", hash = "sha256:d9c3cdf5390dcd29aa8056d13e8e99526cda0305acc038b96b30352aff5ff2bb"},
    {file = "charset_normalizer-3.4.1-cp310-cp310-musllinux_1_2_s390x.whl", hash = "sha256:2bdfe3ac2e1bbe5b59a1a63721eb3b95fc9b6817ae4a46debbb4e11f6232428d"},
    {file = "charset_normalizer-3.4.1-cp310-cp310-musllinux_1_2_x86_64.whl", hash = "sha256:eab677309cdb30d047996b36d34caeda1dc91149e4fdca0b1a039b3f79d9a807"},
    {file = "charset_normalizer-3.4.1-cp310-cp310-win32.whl", hash = "sha256:c0429126cf75e16c4f0ad00ee0eae4242dc652290f940152ca8c75c3a4b6ee8f"},
    {file = "charset_normalizer-3.4.1-cp310-cp310-win_amd64.whl", hash = "sha256:9f0b8b1c6d84c8034a44893aba5e767bf9c7a211e313a9605d9c617d7083829f"},
    {file = "charset_normalizer-3.4.1-cp311-cp311-macosx_10_9_universal2.whl", hash = "sha256:8bfa33f4f2672964266e940dd22a195989ba31669bd84629f05fab3ef4e2d125"},
    {file = "charset_normalizer-3.4.1-cp311-cp311-manylinux_2_17_aarch64.manylinux2014_aarch64.whl", hash = "sha256:28bf57629c75e810b6ae989f03c0828d64d6b26a5e205535585f96093e405ed1"},
    {file = "charset_normalizer-3.4.1-cp311-cp311-manylinux_2_17_ppc64le.manylinux2014_ppc64le.whl", hash = "sha256:f08ff5e948271dc7e18a35641d2f11a4cd8dfd5634f55228b691e62b37125eb3"},
    {file = "charset_normalizer-3.4.1-cp311-cp311-manylinux_2_17_s390x.manylinux2014_s390x.whl", hash = "sha256:234ac59ea147c59ee4da87a0c0f098e9c8d169f4dc2a159ef720f1a61bbe27cd"},
    {file = "charset_normalizer-3.4.1-cp311-cp311-manylinux_2_17_x86_64.manylinux2014_x86_64.whl", hash = "sha256:fd4ec41f914fa74ad1b8304bbc634b3de73d2a0889bd32076342a573e0779e00"},
    {file = "charset_normalizer-3.4.1-cp311-cp311-manylinux_2_5_i686.manylinux1_i686.manylinux_2_17_i686.manylinux2014_i686.whl", hash = "sha256:eea6ee1db730b3483adf394ea72f808b6e18cf3cb6454b4d86e04fa8c4327a12"},
    {file = "charset_normalizer-3.4.1-cp311-cp311-musllinux_1_2_aarch64.whl", hash = "sha256:c96836c97b1238e9c9e3fe90844c947d5afbf4f4c92762679acfe19927d81d77"},
    {file = "charset_normalizer-3.4.1-cp311-cp311-musllinux_1_2_i686.whl", hash = "sha256:4d86f7aff21ee58f26dcf5ae81a9addbd914115cdebcbb2217e4f0ed8982e146"},
    {file = "charset_normalizer-3.4.1-cp311-cp311-musllinux_1_2_ppc64le.whl", hash = "sha256:09b5e6733cbd160dcc09589227187e242a30a49ca5cefa5a7edd3f9d19ed53fd"},
    {file = "charset_normalizer-3.4.1-cp311-cp311-musllinux_1_2_s390x.whl", hash = "sha256:5777ee0881f9499ed0f71cc82cf873d9a0ca8af166dfa0af8ec4e675b7df48e6"},
    {file = "charset_normalizer-3.4.1-cp311-cp311-musllinux_1_2_x86_64.whl", hash = "sha256:237bdbe6159cff53b4f24f397d43c6336c6b0b42affbe857970cefbb620911c8"},
    {file = "charset_normalizer-3.4.1-cp311-cp311-win32.whl", hash = "sha256:8417cb1f36cc0bc7eaba8ccb0e04d55f0ee52df06df3ad55259b9a323555fc8b"},
    {file = "charset_normalizer-3.4.1-cp311-cp311-win_amd64.whl", hash = "sha256:d7f50a1f8c450f3925cb367d011448c39239bb3eb4117c36a6d354794de4ce76"},
    {file = "charset_normalizer-3.4.1-cp312-cp312-macosx_10_13_universal2.whl", hash = "sha256:73d94b58ec7fecbc7366247d3b0b10a21681004153238750bb67bd9012414545"},
    {file = "charset_normalizer-3.4.1-cp312-cp312-manylinux_2_17_aarch64.manylinux2014_aarch64.whl", hash = "sha256:dad3e487649f498dd991eeb901125411559b22e8d7ab25d3aeb1af367df5efd7"},
    {file = "charset_normalizer-3.4.1-cp312-cp312-manylinux_2_17_ppc64le.manylinux2014_ppc64le.whl", hash = "sha256:c30197aa96e8eed02200a83fba2657b4c3acd0f0aa4bdc9f6c1af8e8962e0757"},
    {file = "charset_normalizer-3.4.1-cp312-cp312-manylinux_2_17_s390x.manylinux2014_s390x.whl", hash = "sha256:2369eea1ee4a7610a860d88f268eb39b95cb588acd7235e02fd5a5601773d4fa"},
    {file = "charset_normalizer-3.4.1-cp312-cp312-manylinux_2_17_x86_64.manylinux2014_x86_64.whl", hash = "sha256:bc2722592d8998c870fa4e290c2eec2c1569b87fe58618e67d38b4665dfa680d"},
    {file = "charset_normalizer-3.4.1-cp312-cp312-manylinux_2_5_i686.manylinux1_i686.manylinux_2_17_i686.manylinux2014_i686.whl", hash = "sha256:ffc9202a29ab3920fa812879e95a9e78b2465fd10be7fcbd042899695d75e616"},
    {file = "charset_normalizer-3.4.1-cp312-cp312-musllinux_1_2_aarch64.whl", hash = "sha256:804a4d582ba6e5b747c625bf1255e6b1507465494a40a2130978bda7b932c90b"},
    {file = "charset_normalizer-3.4.1-cp312-cp312-musllinux_1_2_i686.whl", hash = "sha256:0f55e69f030f7163dffe9fd0752b32f070566451afe180f99dbeeb81f511ad8d"},
    {file = "charset_normalizer-3.4.1-cp312-cp312-musllinux_1_2_ppc64le.whl", hash = "sha256:c4c3e6da02df6fa1410a7680bd3f63d4f710232d3139089536310d027950696a"},
    {file = "charset_normalizer-3.4.1-cp312-cp312-musllinux_1_2_s390x.whl", hash = "sha256:5df196eb874dae23dcfb968c83d4f8fdccb333330fe1fc278ac5ceeb101003a9"},
    {file = "charset_normalizer-3.4.1-cp312-cp312-musllinux_1_2_x86_64.whl", hash = "sha256:e358e64305fe12299a08e08978f51fc21fac060dcfcddd95453eabe5b93ed0e1"},
    {file = "charset_normalizer-3.4.1-cp312-cp312-win32.whl", hash = "sha256:9b23ca7ef998bc739bf6ffc077c2116917eabcc901f88da1b9856b210ef63f35"},
    {file = "charset_normalizer-3.4.1-cp312-cp312-win_amd64.whl", hash = "sha256:6ff8a4a60c227ad87030d76e99cd1698345d4491638dfa6673027c48b3cd395f"},
    {file = "charset_normalizer-3.4.1-cp313-cp313-macosx_10_13_universal2.whl", hash = "sha256:aabfa34badd18f1da5ec1bc2715cadc8dca465868a4e73a0173466b688f29dda"},
    {file = "charset_normalizer-3.4.1-cp313-cp313-manylinux_2_17_aarch64.manylinux2014_aarch64.whl", hash = "sha256:22e14b5d70560b8dd51ec22863f370d1e595ac3d024cb8ad7d308b4cd95f8313"},
    {file = "charset_normalizer-3.4.1-cp313-cp313-manylinux_2_17_ppc64le.manylinux2014_ppc64le.whl", hash = "sha256:8436c508b408b82d87dc5f62496973a1805cd46727c34440b0d29d8a2f50a6c9"},
    {file = "charset_normalizer-3.4.1-cp313-cp313-manylinux_2_17_s390x.manylinux2014_s390x.whl", hash = "sha256:2d074908e1aecee37a7635990b2c6d504cd4766c7bc9fc86d63f9c09af3fa11b"},
    {file = "charset_normalizer-3.4.1-cp313-cp313-manylinux_2_17_x86_64.manylinux2014_x86_64.whl", hash = "sha256:955f8851919303c92343d2f66165294848d57e9bba6cf6e3625485a70a038d11"},
    {file = "charset_normalizer-3.4.1-cp313-cp313-manylinux_2_5_i686.manylinux1_i686.manylinux_2_17_i686.manylinux2014_i686.whl", hash = "sha256:44ecbf16649486d4aebafeaa7ec4c9fed8b88101f4dd612dcaf65d5e815f837f"},
    {file = "charset_normalizer-3.4.1-cp313-cp313-musllinux_1_2_aarch64.whl", hash = "sha256:0924e81d3d5e70f8126529951dac65c1010cdf117bb75eb02dd12339b57749dd"},
    {file = "charset_normalizer-3.4.1-cp313-cp313-musllinux_1_2_i686.whl", hash = "sha256:2967f74ad52c3b98de4c3b32e1a44e32975e008a9cd2a8cc8966d6a5218c5cb2"},
    {file = "charset_normalizer-3.4.1-cp313-cp313-musllinux_1_2_ppc64le.whl", hash = "sha256:c75cb2a3e389853835e84a2d8fb2b81a10645b503eca9bcb98df6b5a43eb8886"},
    {file = "charset_normalizer-3.4.1-cp313-cp313-musllinux_1_2_s390x.whl", hash = "sha256:09b26ae6b1abf0d27570633b2b078a2a20419c99d66fb2823173d73f188ce601"},
    {file = "charset_normalizer-3.4.1-cp313-cp313-musllinux_1_2_x86_64.whl", hash = "sha256:fa88b843d6e211393a37219e6a1c1df99d35e8fd90446f1118f4216e307e48cd"},
    {file = "charset_normalizer-3.4.1-cp313-cp313-win32.whl", hash = "sha256:eb8178fe3dba6450a3e024e95ac49ed3400e506fd4e9e5c32d30adda88cbd407"},
    {file = "charset_normalizer-3.4.1-cp313-cp313-win_amd64.whl", hash = "sha256:b1ac5992a838106edb89654e0aebfc24f5848ae2547d22c2c3f66454daa11971"},
    {file = "charset_normalizer-3.4.1-cp37-cp37m-manylinux_2_17_aarch64.manylinux2014_aarch64.whl", hash = "sha256:f30bf9fd9be89ecb2360c7d94a711f00c09b976258846efe40db3d05828e8089"},
    {file = "charset_normalizer-3.4.1-cp37-cp37m-manylinux_2_17_ppc64le.manylinux2014_ppc64le.whl", hash = "sha256:97f68b8d6831127e4787ad15e6757232e14e12060bec17091b85eb1486b91d8d"},
    {file = "charset_normalizer-3.4.1-cp37-cp37m-manylinux_2_17_s390x.manylinux2014_s390x.whl", hash = "sha256:7974a0b5ecd505609e3b19742b60cee7aa2aa2fb3151bc917e6e2646d7667dcf"},
    {file = "charset_normalizer-3.4.1-cp37-cp37m-manylinux_2_17_x86_64.manylinux2014_x86_64.whl", hash = "sha256:fc54db6c8593ef7d4b2a331b58653356cf04f67c960f584edb7c3d8c97e8f39e"},
    {file = "charset_normalizer-3.4.1-cp37-cp37m-manylinux_2_5_i686.manylinux1_i686.manylinux_2_17_i686.manylinux2014_i686.whl", hash = "sha256:311f30128d7d333eebd7896965bfcfbd0065f1716ec92bd5638d7748eb6f936a"},
    {file = "charset_normalizer-3.4.1-cp37-cp37m-musllinux_1_2_aarch64.whl", hash = "sha256:7d053096f67cd1241601111b698f5cad775f97ab25d81567d3f59219b5f1adbd"},
    {file = "charset_normalizer-3.4.1-cp37-cp37m-musllinux_1_2_i686.whl", hash = "sha256:807f52c1f798eef6cf26beb819eeb8819b1622ddfeef9d0977a8502d4db6d534"},
    {file = "charset_normalizer-3.4.1-cp37-cp37m-musllinux_1_2_ppc64le.whl", hash = "sha256:dccbe65bd2f7f7ec22c4ff99ed56faa1e9f785482b9bbd7c717e26fd723a1d1e"},
    {file = "charset_normalizer-3.4.1-cp37-cp37m-musllinux_1_2_s390x.whl", hash = "sha256:2fb9bd477fdea8684f78791a6de97a953c51831ee2981f8e4f583ff3b9d9687e"},
    {file = "charset_normalizer-3.4.1-cp37-cp37m-musllinux_1_2_x86_64.whl", hash = "sha256:01732659ba9b5b873fc117534143e4feefecf3b2078b0a6a2e925271bb6f4cfa"},
    {file = "charset_normalizer-3.4.1-cp37-cp37m-win32.whl", hash = "sha256:7a4f97a081603d2050bfaffdefa5b02a9ec823f8348a572e39032caa8404a487"},
    {file = "charset_normalizer-3.4.1-cp37-cp37m-win_amd64.whl", hash = "sha256:7b1bef6280950ee6c177b326508f86cad7ad4dff12454483b51d8b7d673a2c5d"},
    {file = "charset_normalizer-3.4.1-cp38-cp38-macosx_10_9_universal2.whl", hash = "sha256:ecddf25bee22fe4fe3737a399d0d177d72bc22be6913acfab364b40bce1ba83c"},
    {file = "charset_normalizer-3.4.1-cp38-cp38-manylinux_2_17_aarch64.manylinux2014_aarch64.whl", hash = "sha256:8c60ca7339acd497a55b0ea5d506b2a2612afb2826560416f6894e8b5770d4a9"},
    {file = "charset_normalizer-3.4.1-cp38-cp38-manylinux_2_17_ppc64le.manylinux2014_ppc64le.whl", hash = "sha256:b7b2d86dd06bfc2ade3312a83a5c364c7ec2e3498f8734282c6c3d4b07b346b8"},
    {file = "charset_normalizer-3.4.1-cp38-cp38-manylinux_2_17_s390x.manylinux2014_s390x.whl", hash = "sha256:dd78cfcda14a1ef52584dbb008f7ac81c1328c0f58184bf9a84c49c605002da6"},
    {file = "charset_normalizer-3.4.1-cp38-cp38-manylinux_2_17_x86_64.manylinux2014_x86_64.whl", hash = "sha256:6e27f48bcd0957c6d4cb9d6fa6b61d192d0b13d5ef563e5f2ae35feafc0d179c"},
    {file = "charset_normalizer-3.4.1-cp38-cp38-manylinux_2_5_i686.manylinux1_i686.manylinux_2_17_i686.manylinux2014_i686.whl", hash = "sha256:01ad647cdd609225c5350561d084b42ddf732f4eeefe6e678765636791e78b9a"},
    {file = "charset_normalizer-3.4.1-cp38-cp38-musllinux_1_2_aarch64.whl", hash = "sha256:619a609aa74ae43d90ed2e89bdd784765de0a25ca761b93e196d938b8fd1dbbd"},
    {file = "charset_normalizer-3.4.1-cp38-cp38-musllinux_1_2_i686.whl", hash = "sha256:89149166622f4db9b4b6a449256291dc87a99ee53151c74cbd82a53c8c2f6ccd"},
    {file = "charset_normalizer-3.4.1-cp38-cp38-musllinux_1_2_ppc64le.whl", hash = "sha256:7709f51f5f7c853f0fb938bcd3bc59cdfdc5203635ffd18bf354f6967ea0f824"},
    {file = "charset_normalizer-3.4.1-cp38-cp38-musllinux_1_2_s390x.whl", hash = "sha256:345b0426edd4e18138d6528aed636de7a9ed169b4aaf9d61a8c19e39d26838ca"},
    {file = "charset_normalizer-3.4.1-cp38-cp38-musllinux_1_2_x86_64.whl", hash = "sha256:0907f11d019260cdc3f94fbdb23ff9125f6b5d1039b76003b5b0ac9d6a6c9d5b"},
    {file = "charset_normalizer-3.4.1-cp38-cp38-win32.whl", hash = "sha256:ea0d8d539afa5eb2728aa1932a988a9a7af94f18582ffae4bc10b3fbdad0626e"},
    {file = "charset_normalizer-3.4.1-cp38-cp38-win_amd64.whl", hash = "sha256:329ce159e82018d646c7ac45b01a430369d526569ec08516081727a20e9e4af4"},
    {file = "charset_normalizer-3.4.1-cp39-cp39-macosx_10_9_universal2.whl", hash = "sha256:b97e690a2118911e39b4042088092771b4ae3fc3aa86518f84b8cf6888dbdb41"},
    {file = "charset_normalizer-3.4.1-cp39-cp39-manylinux_2_17_aarch64.manylinux2014_aarch64.whl", hash = "sha256:78baa6d91634dfb69ec52a463534bc0df05dbd546209b79a3880a34487f4b84f"},
    {file = "charset_normalizer-3.4.1-cp39-cp39-manylinux_2_17_ppc64le.manylinux2014_ppc64le.whl", hash = "sha256:1a2bc9f351a75ef49d664206d51f8e5ede9da246602dc2d2726837620ea034b2"},
    {file = "charset_normalizer-3.4.1-cp39-cp39-manylinux_2_17_s390x.manylinux2014_s390x.whl", hash = "sha256:75832c08354f595c760a804588b9357d34ec00ba1c940c15e31e96d902093770"},
    {file = "charset_normalizer-3.4.1-cp39-cp39-manylinux_2_17_x86_64.manylinux2014_x86_64.whl", hash = "sha256:0af291f4fe114be0280cdd29d533696a77b5b49cfde5467176ecab32353395c4"},
    {file = "charset_normalizer-3.4.1-cp39-cp39-manylinux_2_5_i686.manylinux1_i686.manylinux_2_17_i686.manylinux2014_i686.whl", hash = "sha256:0167ddc8ab6508fe81860a57dd472b2ef4060e8d378f0cc555707126830f2537"},
    {file = "charset_normalizer-3.4.1-cp39-cp39-musllinux_1_2_aarch64.whl", hash = "sha256:2a75d49014d118e4198bcee5ee0a6f25856b29b12dbf7cd012791f8a6cc5c496"},
    {file = "charset_normalizer-3.4.1-cp39-cp39-musllinux_1_2_i686.whl", hash = "sha256:363e2f92b0f0174b2f8238240a1a30142e3db7b957a5dd5689b0e75fb717cc78"},
    {file = "charset_normalizer-3.4.1-cp39-cp39-musllinux_1_2_ppc64le.whl", hash = "sha256:ab36c8eb7e454e34e60eb55ca5d241a5d18b2c6244f6827a30e451c42410b5f7"},
    {file = "charset_normalizer-3.4.1-cp39-cp39-musllinux_1_2_s390x.whl", hash = "sha256:4c0907b1928a36d5a998d72d64d8eaa7244989f7aaaf947500d3a800c83a3fd6"},
    {file = "charset_normalizer-3.4.1-cp39-cp39-musllinux_1_2_x86_64.whl", hash = "sha256:04432ad9479fa40ec0f387795ddad4437a2b50417c69fa275e212933519ff294"},
    {file = "charset_normalizer-3.4.1-cp39-cp39-win32.whl", hash = "sha256:3bed14e9c89dcb10e8f3a29f9ccac4955aebe93c71ae803af79265c9ca5644c5"},
    {file = "charset_normalizer-3.4.1-cp39-cp39-win_amd64.whl", hash = "sha256:49402233c892a461407c512a19435d1ce275543138294f7ef013f0b63d5d3765"},
    {file = "charset_normalizer-3.4.1-py3-none-any.whl", hash = "sha256:d98b1668f06378c6dbefec3b92299716b931cd4e6061f3c875a71ced1780ab85"},
    {file = "charset_normalizer-3.4.1.tar.gz", hash = "sha256:44251f18cd68a75b56585dd00dae26183e102cd5e0f9f1466e6df5da2ed64ea3"},
]

[[package]]
name = "idna"
version = "3.10"
description = "Internationalized Domain Names in Applications (IDNA)"
optional = false
python-versions = ">=3.6"
groups = ["main"]
files = [
    {file = "idna-3.10-py3-none-any.whl", hash = "sha256:946d195a0d259cbba61165e88e65941f16e9b36ea6ddb97f00452bae8b1287d3"},
    {file = "idna-3.10.tar.gz", hash = "sha256:12f65c9b470abda6dc35cf8e63cc574b1c52b11df2c86030af0ac09b01b13ea9"},
]

[package.extras]
all = ["flake8 (>=7.1.1)", "mypy (>=1.11.2)", "pytest (>=8.3.2)", "ruff (>=0.6.2)"]

[[package]]
name = "jeepney"
version = "0.9.0"
description = "Low-level, pure Python DBus protocol wrapper."
optional = false
python-versions = ">=3.7"
groups = ["main"]
markers = "\"bsd\" in sys_platform or sys_platform == \"linux\""
files = [
    {file = "jeepney-0.9.0-py3-none-any.whl", hash = "sha256:97e5714520c16fc0a45695e5365a2e11b81ea79bba796e26f9f1d178cb182683"},
    {file = "jeepney-0.9.0.tar.gz", hash = "sha256:cf0e9e845622b81e4a28df94c40345400256ec608d0e55bb8a3feaa9163f5732"},
]

[package.extras]
test = ["async-timeout ; python_version < \"3.11\"", "pytest", "pytest-asyncio (>=0.17)", "pytest-trio", "testpath", "trio"]
trio = ["trio"]

[[package]]
name = "lz4"
version = "4.4.4"
description = "LZ4 Bindings for Python"
optional = false
python-versions = ">=3.9"
groups = ["main"]
files = [
    {file = "lz4-4.4.4-cp310-cp310-macosx_10_9_x86_64.whl", hash = "sha256:f170abb8416c4efca48e76cac2c86c3185efdf841aecbe5c190121c42828ced0"},
    {file = "lz4-4.4.4-cp310-cp310-macosx_11_0_arm64.whl", hash = "sha256:d33a5105cd96ebd32c3e78d7ece6123a9d2fb7c18b84dec61f27837d9e0c496c"},
    {file = "lz4-4.4.4-cp310-cp310-manylinux_2_17_aarch64.manylinux2014_aarch64.whl", hash = "sha256:30ebbc5b76b4f0018988825a7e9ce153be4f0d4eba34e6c1f2fcded120573e88"},
    {file = "lz4-4.4.4-cp310-cp310-manylinux_2_17_x86_64.manylinux2014_x86_64.whl", hash = "sha256:dc64d6dfa7a89397529b22638939e70d85eaedc1bd68e30a29c78bfb65d4f715"},
    {file = "lz4-4.4.4-cp310-cp310-manylinux_2_5_i686.manylinux1_i686.manylinux_2_17_i686.manylinux2014_i686.whl", hash = "sha256:a355223a284f42a723c120ce68827de66d5cb872a38732b3d5abbf544fa2fe26"},
    {file = "lz4-4.4.4-cp310-cp310-win32.whl", hash = "sha256:b28228197775b7b5096898851d59ef43ccaf151136f81d9c436bc9ba560bc2ba"},
    {file = "lz4-4.4.4-cp310-cp310-win_amd64.whl", hash = "sha256:45e7c954546de4f85d895aa735989d77f87dd649f503ce1c8a71a151b092ed36"},
    {file = "lz4-4.4.4-cp310-cp310-win_arm64.whl", hash = "sha256:e3fc90f766401684740978cd781d73b9685bd81b5dbf7257542ef9de4612e4d2"},
    {file = "lz4-4.4.4-cp311-cp311-macosx_10_9_x86_64.whl", hash = "sha256:ddfc7194cd206496c445e9e5b0c47f970ce982c725c87bd22de028884125b68f"},
    {file = "lz4-4.4.4-cp311-cp311-macosx_11_0_arm64.whl", hash = "sha256:714f9298c86f8e7278f1c6af23e509044782fa8220eb0260f8f8f1632f820550"},
    {file = "lz4-4.4.4-cp311-cp311-manylinux_2_17_aarch64.manylinux2014_aarch64.whl", hash = "sha256:a8474c91de47733856c6686df3c4aca33753741da7e757979369c2c0d32918ba"},
    {file = "lz4-4.4.4-cp311-cp311-manylinux_2_17_x86_64.manylinux2014_x86_64.whl", hash = "sha256:80dd27d7d680ea02c261c226acf1d41de2fd77af4fb2da62b278a9376e380de0"},
    {file = "lz4-4.4.4-cp311-cp311-manylinux_2_5_i686.manylinux1_i686.manylinux_2_17_i686.manylinux2014_i686.whl", hash = "sha256:9b7d6dddfd01b49aedb940fdcaf32f41dc58c926ba35f4e31866aeec2f32f4f4"},
    {file = "lz4-4.4.4-cp311-cp311-win32.whl", hash = "sha256:4134b9fd70ac41954c080b772816bb1afe0c8354ee993015a83430031d686a4c"},
    {file = "lz4-4.4.4-cp311-cp311-win_amd64.whl", hash = "sha256:f5024d3ca2383470f7c4ef4d0ed8eabad0b22b23eeefde1c192cf1a38d5e9f78"},
    {file = "lz4-4.4.4-cp311-cp311-win_arm64.whl", hash = "sha256:6ea715bb3357ea1665f77874cf8f55385ff112553db06f3742d3cdcec08633f7"},
    {file = "lz4-4.4.4-cp312-cp312-macosx_10_13_x86_64.whl", hash = "sha256:23ae267494fdd80f0d2a131beff890cf857f1b812ee72dbb96c3204aab725553"},
    {file = "lz4-4.4.4-cp312-cp312-macosx_11_0_arm64.whl", hash = "sha256:fff9f3a1ed63d45cb6514bfb8293005dc4141341ce3500abdfeb76124c0b9b2e"},
    {file = "lz4-4.4.4-cp312-cp312-manylinux_2_17_aarch64.manylinux2014_aarch64.whl", hash = "sha256:1ea7f07329f85a8eda4d8cf937b87f27f0ac392c6400f18bea2c667c8b7f8ecc"},
    {file = "lz4-4.4.4-cp312-cp312-manylinux_2_17_x86_64.manylinux2014_x86_64.whl", hash = "sha256:8ccab8f7f7b82f9fa9fc3b0ba584d353bd5aa818d5821d77d5b9447faad2aaad"},
    {file = "lz4-4.4.4-cp312-cp312-manylinux_2_5_i686.manylinux1_i686.manylinux_2_17_i686.manylinux2014_i686.whl", hash = "sha256:e43e9d48b2daf80e486213128b0763deed35bbb7a59b66d1681e205e1702d735"},
    {file = "lz4-4.4.4-cp312-cp312-win32.whl", hash = "sha256:33e01e18e4561b0381b2c33d58e77ceee850a5067f0ece945064cbaac2176962"},
    {file = "lz4-4.4.4-cp312-cp312-win_amd64.whl", hash = "sha256:d21d1a2892a2dcc193163dd13eaadabb2c1b803807a5117d8f8588b22eaf9f12"},
    {file = "lz4-4.4.4-cp312-cp312-win_arm64.whl", hash = "sha256:2f4f2965c98ab254feddf6b5072854a6935adab7bc81412ec4fe238f07b85f62"},
    {file = "lz4-4.4.4-cp313-cp313-macosx_10_13_x86_64.whl", hash = "sha256:ed6eb9f8deaf25ee4f6fad9625d0955183fdc90c52b6f79a76b7f209af1b6e54"},
    {file = "lz4-4.4.4-cp313-cp313-macosx_11_0_arm64.whl", hash = "sha256:18ae4fe3bafb344dbd09f976d45cbf49c05c34416f2462828f9572c1fa6d5af7"},
    {file = "lz4-4.4.4-cp313-cp313-manylinux_2_17_aarch64.manylinux2014_aarch64.whl", hash = "sha256:57fd20c5fc1a49d1bbd170836fccf9a338847e73664f8e313dce6ac91b8c1e02"},
    {file = "lz4-4.4.4-cp313-cp313-manylinux_2_17_x86_64.manylinux2014_x86_64.whl", hash = "sha256:e9cb387c33f014dae4db8cb4ba789c8d2a0a6d045ddff6be13f6c8d9def1d2a6"},
    {file = "lz4-4.4.4-cp313-cp313-manylinux_2_5_i686.manylinux1_i686.manylinux_2_17_i686.manylinux2014_i686.whl", hash = "sha256:d0be9f68240231e1e44118a4ebfecd8a5d4184f0bdf5c591c98dd6ade9720afd"},
    {file = "lz4-4.4.4-cp313-cp313-win32.whl", hash = "sha256:e9ec5d45ea43684f87c316542af061ef5febc6a6b322928f059ce1fb289c298a"},
    {file = "lz4-4.4.4-cp313-cp313-win_amd64.whl", hash = "sha256:a760a175b46325b2bb33b1f2bbfb8aa21b48e1b9653e29c10b6834f9bb44ead4"},
    {file = "lz4-4.4.4-cp313-cp313-win_arm64.whl", hash = "sha256:f4c21648d81e0dda38b4720dccc9006ae33b0e9e7ffe88af6bf7d4ec124e2fba"},
    {file = "lz4-4.4.4-cp39-cp39-macosx_10_9_x86_64.whl", hash = "sha256:bd1add57b6fe1f96bed2d529de085e9378a3ac04b86f116d10506f85b68e97fc"},
    {file = "lz4-4.4.4-cp39-cp39-macosx_11_0_arm64.whl", hash = "sha256:900912e8a7cf74b4a2bea18a3594ae0bf1138f99919c20017167b6e05f760aa4"},
    {file = "lz4-4.4.4-cp39-cp39-manylinux_2_17_aarch64.manylinux2014_aarch64.whl", hash = "sha256:017f8d269a739405a59d68a4d63d23a8df23e3bb2c70aa069b7563af08dfdffb"},
    {file = "lz4-4.4.4-cp39-cp39-manylinux_2_17_x86_64.manylinux2014_x86_64.whl", hash = "sha256:dac522788296a9a02a39f620970dea86c38e141e21e51238f1b5e9fa629f8e69"},
    {file = "lz4-4.4.4-cp39-cp39-manylinux_2_5_i686.manylinux1_i686.manylinux_2_17_i686.manylinux2014_i686.whl", hash = "sha256:6b56aa9eef830bf6443acd8c4e18b208a8993dc32e0d6ef4263ecfa6afb3f599"},
    {file = "lz4-4.4.4-cp39-cp39-win32.whl", hash = "sha256:585b42eb37ab16a278c3a917ec23b2beef175aa669f4120142b97aebf90ef775"},
    {file = "lz4-4.4.4-cp39-cp39-win_amd64.whl", hash = "sha256:4ab1537bd3b3bfbafd3c8847e06827129794488304f21945fc2f5b669649d94f"},
    {file = "lz4-4.4.4-cp39-cp39-win_arm64.whl", hash = "sha256:38730927ad51beb42ab8dbc5555270bfbe86167ba734265f88bbd799fced1004"},
    {file = "lz4-4.4.4.tar.gz", hash = "sha256:070fd0627ec4393011251a094e08ed9fdcc78cb4e7ab28f507638eee4e39abda"},
]

[package.extras]
docs = ["sphinx (>=1.6.0)", "sphinx_bootstrap_theme"]
flake8 = ["flake8"]
tests = ["psutil", "pytest (!=3.3.0)", "pytest-cov"]

[[package]]
name = "pycryptodomex"
version = "3.22.0"
description = "Cryptographic library for Python"
optional = false
python-versions = "!=3.0.*,!=3.1.*,!=3.2.*,!=3.3.*,!=3.4.*,!=3.5.*,!=3.6.*,>=2.7"
groups = ["main"]
files = [
    {file = "pycryptodomex-3.22.0-cp27-cp27m-macosx_10_9_x86_64.whl", hash = "sha256:41673e5cc39a8524557a0472077635d981172182c9fe39ce0b5f5c19381ffaff"},
    {file = "pycryptodomex-3.22.0-cp27-cp27m-manylinux2010_i686.whl", hash = "sha256:276be1ed006e8fd01bba00d9bd9b60a0151e478033e86ea1cb37447bbc057edc"},
    {file = "pycryptodomex-3.22.0-cp27-cp27m-manylinux2010_x86_64.whl", hash = "sha256:813e57da5ceb4b549bab96fa548781d9a63f49f1d68fdb148eeac846238056b7"},
    {file = "pycryptodomex-3.22.0-cp27-cp27m-win32.whl", hash = "sha256:d7beeacb5394765aa8dabed135389a11ee322d3ee16160d178adc7f8ee3e1f65"},
    {file = "pycryptodomex-3.22.0-cp27-cp27mu-manylinux2010_i686.whl", hash = "sha256:b3746dedf74787da43e4a2f85bd78f5ec14d2469eb299ddce22518b3891f16ea"},
    {file = "pycryptodomex-3.22.0-cp27-cp27mu-manylinux2010_x86_64.whl", hash = "sha256:5ebc09b7d8964654aaf8a4f5ac325f2b0cc038af9bea12efff0cd4a5bb19aa42"},
    {file = "pycryptodomex-3.22.0-cp37-abi3-macosx_10_9_universal2.whl", hash = "sha256:aef4590263b9f2f6283469e998574d0bd45c14fb262241c27055b82727426157"},
    {file = "pycryptodomex-3.22.0-cp37-abi3-macosx_10_9_x86_64.whl", hash = "sha256:5ac608a6dce9418d4f300fab7ba2f7d499a96b462f2b9b5c90d8d994cd36dcad"},
    {file = "pycryptodomex-3.22.0-cp37-abi3-manylinux_2_17_aarch64.manylinux2014_aarch64.whl", hash = "sha256:7a24f681365ec9757ccd69b85868bbd7216ba451d0f86f6ea0eed75eeb6975db"},
    {file = "pycryptodomex-3.22.0-cp37-abi3-manylinux_2_17_x86_64.manylinux2014_x86_64.whl", hash = "sha256:259664c4803a1fa260d5afb322972813c5fe30ea8b43e54b03b7e3a27b30856b"},
    {file = "pycryptodomex-3.22.0-cp37-abi3-manylinux_2_5_i686.manylinux1_i686.manylinux_2_17_i686.manylinux2014_i686.whl", hash = "sha256:7127d9de3c7ce20339e06bcd4f16f1a1a77f1471bcf04e3b704306dde101b719"},
    {file = "pycryptodomex-3.22.0-cp37-abi3-musllinux_1_2_aarch64.whl", hash = "sha256:ee75067b35c93cc18b38af47b7c0664998d8815174cfc66dd00ea1e244eb27e6"},
    {file = "pycryptodomex-3.22.0-cp37-abi3-musllinux_1_2_i686.whl", hash = "sha256:1a8b0c5ba061ace4bcd03496d42702c3927003db805b8ec619ea6506080b381d"},
    {file = "pycryptodomex-3.22.0-cp37-abi3-musllinux_1_2_x86_64.whl", hash = "sha256:bfe4fe3233ef3e58028a3ad8f28473653b78c6d56e088ea04fe7550c63d4d16b"},
    {file = "pycryptodomex-3.22.0-cp37-abi3-win32.whl", hash = "sha256:2cac9ed5c343bb3d0075db6e797e6112514764d08d667c74cb89b931aac9dddd"},
    {file = "pycryptodomex-3.22.0-cp37-abi3-win_amd64.whl", hash = "sha256:ff46212fda7ee86ec2f4a64016c994e8ad80f11ef748131753adb67e9b722ebd"},
    {file = "pycryptodomex-3.22.0-pp27-pypy_73-manylinux2010_x86_64.whl", hash = "sha256:5bf3ce9211d2a9877b00b8e524593e2209e370a287b3d5e61a8c45f5198487e2"},
    {file = "pycryptodomex-3.22.0-pp27-pypy_73-win32.whl", hash = "sha256:684cb57812cd243217c3d1e01a720c5844b30f0b7b64bb1a49679f7e1e8a54ac"},
    {file = "pycryptodomex-3.22.0-pp310-pypy310_pp73-macosx_10_15_x86_64.whl", hash = "sha256:c8cffb03f5dee1026e3f892f7cffd79926a538c67c34f8b07c90c0bd5c834e27"},
    {file = "pycryptodomex-3.22.0-pp310-pypy310_pp73-manylinux_2_17_aarch64.manylinux2014_aarch64.whl", hash = "sha256:140b27caa68a36d0501b05eb247bd33afa5f854c1ee04140e38af63c750d4e39"},
    {file = "pycryptodomex-3.22.0-pp310-pypy310_pp73-manylinux_2_17_x86_64.manylinux2014_x86_64.whl", hash = "sha256:644834b1836bb8e1d304afaf794d5ae98a1d637bd6e140c9be7dd192b5374811"},
    {file = "pycryptodomex-3.22.0-pp310-pypy310_pp73-manylinux_2_5_i686.manylinux1_i686.manylinux_2_17_i686.manylinux2014_i686.whl", hash = "sha256:72c506aba3318505dbeecf821ed7b9a9f86f422ed085e2d79c4fba0ae669920a"},
    {file = "pycryptodomex-3.22.0-pp310-pypy310_pp73-win_amd64.whl", hash = "sha256:7cd39f7a110c1ab97ce9ee3459b8bc615920344dc00e56d1b709628965fba3f2"},
    {file = "pycryptodomex-3.22.0-pp39-pypy39_pp73-macosx_10_15_x86_64.whl", hash = "sha256:e4eaaf6163ff13788c1f8f615ad60cdc69efac6d3bf7b310b21e8cfe5f46c801"},
    {file = "pycryptodomex-3.22.0-pp39-pypy39_pp73-manylinux_2_17_aarch64.manylinux2014_aarch64.whl", hash = "sha256:eac39e237d65981554c2d4c6668192dc7051ad61ab5fc383ed0ba049e4007ca2"},
    {file = "pycryptodomex-3.22.0-pp39-pypy39_pp73-manylinux_2_17_x86_64.manylinux2014_x86_64.whl", hash = "sha256:1ab0d89d1761959b608952c7b347b0e76a32d1a5bb278afbaa10a7f3eaef9a0a"},
    {file = "pycryptodomex-3.22.0-pp39-pypy39_pp73-manylinux_2_5_i686.manylinux1_i686.manylinux_2_17_i686.manylinux2014_i686.whl", hash = "sha256:5e64164f816f5e43fd69f8ed98eb28f98157faf68208cd19c44ed9d8e72d33e8"},
    {file = "pycryptodomex-3.22.0-pp39-pypy39_pp73-win_amd64.whl", hash = "sha256:f005de31efad6f9acefc417296c641f13b720be7dbfec90edeaca601c0fab048"},
    {file = "pycryptodomex-3.22.0.tar.gz", hash = "sha256:a1da61bacc22f93a91cbe690e3eb2022a03ab4123690ab16c46abb693a9df63d"},
]

[[package]]
name = "pywin32"
version = "310"
description = "Python for Window Extensions"
optional = false
python-versions = "*"
groups = ["main"]
markers = "platform_system == \"Windows\""
files = [
    {file = "pywin32-310-cp310-cp310-win32.whl", hash = "sha256:6dd97011efc8bf51d6793a82292419eba2c71cf8e7250cfac03bba284454abc1"},
    {file = "pywin32-310-cp310-cp310-win_amd64.whl", hash = "sha256:c3e78706e4229b915a0821941a84e7ef420bf2b77e08c9dae3c76fd03fd2ae3d"},
    {file = "pywin32-310-cp310-cp310-win_arm64.whl", hash = "sha256:33babed0cf0c92a6f94cc6cc13546ab24ee13e3e800e61ed87609ab91e4c8213"},
    {file = "pywin32-310-cp311-cp311-win32.whl", hash = "sha256:1e765f9564e83011a63321bb9d27ec456a0ed90d3732c4b2e312b855365ed8bd"},
    {file = "pywin32-310-cp311-cp311-win_amd64.whl", hash = "sha256:126298077a9d7c95c53823934f000599f66ec9296b09167810eb24875f32689c"},
    {file = "pywin32-310-cp311-cp311-win_arm64.whl", hash = "sha256:19ec5fc9b1d51c4350be7bb00760ffce46e6c95eaf2f0b2f1150657b1a43c582"},
    {file = "pywin32-310-cp312-cp312-win32.whl", hash = "sha256:8a75a5cc3893e83a108c05d82198880704c44bbaee4d06e442e471d3c9ea4f3d"},
    {file = "pywin32-310-cp312-cp312-win_amd64.whl", hash = "sha256:bf5c397c9a9a19a6f62f3fb821fbf36cac08f03770056711f765ec1503972060"},
    {file = "pywin32-310-cp312-cp312-win_arm64.whl", hash = "sha256:2349cc906eae872d0663d4d6290d13b90621eaf78964bb1578632ff20e152966"},
    {file = "pywin32-310-cp313-cp313-win32.whl", hash = "sha256:5d241a659c496ada3253cd01cfaa779b048e90ce4b2b38cd44168ad555ce74ab"},
    {file = "pywin32-310-cp313-cp313-win_amd64.whl", hash = "sha256:667827eb3a90208ddbdcc9e860c81bde63a135710e21e4cb3348968e4bd5249e"},
    {file = "pywin32-310-cp313-cp313-win_arm64.whl", hash = "sha256:e308f831de771482b7cf692a1f308f8fca701b2d8f9dde6cc440c7da17e47b33"},
    {file = "pywin32-310-cp38-cp38-win32.whl", hash = "sha256:0867beb8addefa2e3979d4084352e4ac6e991ca45373390775f7084cc0209b9c"},
    {file = "pywin32-310-cp38-cp38-win_amd64.whl", hash = "sha256:30f0a9b3138fb5e07eb4973b7077e1883f558e40c578c6925acc7a94c34eaa36"},
    {file = "pywin32-310-cp39-cp39-win32.whl", hash = "sha256:851c8d927af0d879221e616ae1f66145253537bbdd321a77e8ef701b443a9a1a"},
    {file = "pywin32-310-cp39-cp39-win_amd64.whl", hash = "sha256:96867217335559ac619f00ad70e513c0fcf84b8a3af9fc2bba3b59b97da70475"},
]

[[package]]
name = "requests"
version = "2.32.3"
description = "Python HTTP for Humans."
optional = false
python-versions = ">=3.8"
groups = ["main"]
files = [
    {file = "requests-2.32.3-py3-none-any.whl", hash = "sha256:70761cfe03c773ceb22aa2f671b4757976145175cdfca038c02654d061d6dcc6"},
    {file = "requests-2.32.3.tar.gz", hash = "sha256:55365417734eb18255590a9ff9eb97e9e1da868d4ccd6402399eaf68af20a760"},
]

[package.dependencies]
certifi = ">=2017.4.17"
charset-normalizer = ">=2,<4"
idna = ">=2.5,<4"
urllib3 = ">=1.21.1,<3"

[package.extras]
socks = ["PySocks (>=1.5.6,!=1.5.7)"]
use-chardet-on-py3 = ["chardet (>=3.0.2,<6)"]

[[package]]
name = "shadowcopy"
version = "0.0.4"
description = "A project for shadowcopy"
optional = false
python-versions = ">=3.7"
groups = ["main"]
markers = "platform_system == \"Windows\""
files = [
    {file = "shadowcopy-0.0.4-py3-none-any.whl", hash = "sha256:fc51e59a639dc6a5a3a7a9b4e3ecadc71989e339f2d995d90aaa491acd4ba4eb"},
    {file = "shadowcopy-0.0.4.tar.gz", hash = "sha256:ed89817dda065f893607a04c0b7d6b3b34c3507a4711f441111a4bcb1b1826c0"},
]

[package.dependencies]
wmi = "*"

[[package]]
name = "soupsieve"
version = "2.6"
description = "A modern CSS selector implementation for Beautiful Soup."
optional = false
python-versions = ">=3.8"
groups = ["main"]
files = [
    {file = "soupsieve-2.6-py3-none-any.whl", hash = "sha256:e72c4ff06e4fb6e4b5a9f0f55fe6e81514581fca1515028625d0f299c602ccc9"},
    {file = "soupsieve-2.6.tar.gz", hash = "sha256:e2e68417777af359ec65daac1057404a3c8a5455bb8abc36f1a9866ab1a51abb"},
]

[[package]]
name = "typing-extensions"
version = "4.13.2"
description = "Backported and Experimental Type Hints for Python 3.8+"
optional = false
python-versions = ">=3.8"
groups = ["main"]
files = [
    {file = "typing_extensions-4.13.2-py3-none-any.whl", hash = "sha256:a439e7c04b49fec3e5d3e2beaa21755cadbbdc391694e28ccdd36ca4a1408f8c"},
    {file = "typing_extensions-4.13.2.tar.gz", hash = "sha256:e6c81219bd689f51865d9e372991c540bda33a0379d5573cddb9a3a23f7caaef"},
]

[[package]]
name = "urllib3"
version = "2.4.0"
description = "HTTP library with thread-safe connection pooling, file post, and more."
optional = false
python-versions = ">=3.9"
groups = ["main"]
files = [
    {file = "urllib3-2.4.0-py3-none-any.whl", hash = "sha256:4e16665048960a0900c702d4a66415956a584919c03361cac9f1df5c5dd7e813"},
    {file = "urllib3-2.4.0.tar.gz", hash = "sha256:414bc6535b787febd7567804cc015fee39daab8ad86268f1310a9250697de466"},
]

[package.extras]
brotli = ["brotli (>=1.0.9) ; platform_python_implementation == \"CPython\"", "brotlicffi (>=0.8.0) ; platform_python_implementation != \"CPython\""]
h2 = ["h2 (>=4,<5)"]
socks = ["pysocks (>=1.5.6,!=1.5.7,<2.0)"]
zstd = ["zstandard (>=0.18.0)"]

[[package]]
name = "wmi"
version = "1.5.1"
description = "Windows Management Instrumentation"
optional = false
python-versions = "*"
groups = ["main"]
markers = "platform_system == \"Windows\""
files = [
    {file = "WMI-1.5.1-py2.py3-none-any.whl", hash = "sha256:1d6b085e5c445141c475476000b661f60fff1aaa19f76bf82b7abb92e0ff4942"},
    {file = "WMI-1.5.1.tar.gz", hash = "sha256:b6a6be5711b1b6c8d55bda7a8befd75c48c12b770b9d227d31c1737dbf0d40a6"},
]

[package.dependencies]
pywin32 = "*"

[package.extras]
all = ["pytest", "sphinx", "twine", "wheel"]
dev = ["pytest", "sphinx", "twine", "wheel"]
docs = ["sphinx"]
package = ["twine", "wheel"]
tests = ["pytest"]

[metadata]
lock-version = "2.1"
python-versions = ">=3.12"
content-hash = "6d4eec478ca84fc4acfe914bae09a9a6006fc95bfdd654c917605f6c16d25de0"
